// !$*UTF8*$!
{
	archiveVersion = 1;
	classes = {
	};
	objectVersion = 50;
	objects = {

/* Begin PBXBuildFile section */
		A76EF3A1220EC50F00008B7B /* Meal.swift in Sources */ = {isa = PBXBuildFile; fileRef = A76EF3A0220EC50F00008B7B /* Meal.swift */; };
		A76EF3A3220ED1C100008B7B /* MealTableViewCell.swift in Sources */ = {isa = PBXBuildFile; fileRef = A76EF3A2220ED1C100008B7B /* MealTableViewCell.swift */; };
		A76EF3A5220EDB5F00008B7B /* MealTableViewController.swift in Sources */ = {isa = PBXBuildFile; fileRef = A76EF3A4220EDB5F00008B7B /* MealTableViewController.swift */; };
		A7AD424A220C0EE0001B49EE /* AppDelegate.swift in Sources */ = {isa = PBXBuildFile; fileRef = A7AD4249220C0EE0001B49EE /* AppDelegate.swift */; };
		A7AD424C220C0EE0001B49EE /* MealViewController.swift in Sources */ = {isa = PBXBuildFile; fileRef = A7AD424B220C0EE0001B49EE /* MealViewController.swift */; };
		A7AD424F220C0EE0001B49EE /* Main.storyboard in Resources */ = {isa = PBXBuildFile; fileRef = A7AD424D220C0EE0001B49EE /* Main.storyboard */; };
		A7AD4251220C0EE9001B49EE /* Assets.xcassets in Resources */ = {isa = PBXBuildFile; fileRef = A7AD4250220C0EE9001B49EE /* Assets.xcassets */; };
		A7AD4254220C0EE9001B49EE /* LaunchScreen.storyboard in Resources */ = {isa = PBXBuildFile; fileRef = A7AD4252220C0EE9001B49EE /* LaunchScreen.storyboard */; };
		A7AD425F220C0EE9001B49EE /* FoodTrackerTests.swift in Sources */ = {isa = PBXBuildFile; fileRef = A7AD425E220C0EE9001B49EE /* FoodTrackerTests.swift */; };
		A7AD426A220C0EE9001B49EE /* FoodTrackerUITests.swift in Sources */ = {isa = PBXBuildFile; fileRef = A7AD4269220C0EE9001B49EE /* FoodTrackerUITests.swift */; };
		A7EBAC76220C67AE00D11C82 /* RatingControl.swift in Sources */ = {isa = PBXBuildFile; fileRef = A7EBAC75220C67AE00D11C82 /* RatingControl.swift */; };
/* End PBXBuildFile section */

/* Begin PBXContainerItemProxy section */
		A7AD425B220C0EE9001B49EE /* PBXContainerItemProxy */ = {
			isa = PBXContainerItemProxy;
			containerPortal = A7AD423E220C0EE0001B49EE /* Project object */;
			proxyType = 1;
			remoteGlobalIDString = A7AD4245220C0EE0001B49EE;
			remoteInfo = FoodTracker;
		};
		A7AD4266220C0EE9001B49EE /* PBXContainerItemProxy */ = {
			isa = PBXContainerItemProxy;
			containerPortal = A7AD423E220C0EE0001B49EE /* Project object */;
			proxyType = 1;
			remoteGlobalIDString = A7AD4245220C0EE0001B49EE;
			remoteInfo = FoodTracker;
		};
/* End PBXContainerItemProxy section */

/* Begin PBXFileReference section */
		A76EF3A0220EC50F00008B7B /* Meal.swift */ = {isa = PBXFileReference; lastKnownFileType = sourcecode.swift; path = Meal.swift; sourceTree = "<group>"; };
		A76EF3A2220ED1C100008B7B /* MealTableViewCell.swift */ = {isa = PBXFileReference; lastKnownFileType = sourcecode.swift; path = MealTableViewCell.swift; sourceTree = "<group>"; };
		A76EF3A4220EDB5F00008B7B /* MealTableViewController.swift */ = {isa = PBXFileReference; lastKnownFileType = sourcecode.swift; path = MealTableViewController.swift; sourceTree = "<group>"; };
		A7AD4246220C0EE0001B49EE /* FoodTracker.app */ = {isa = PBXFileReference; explicitFileType = wrapper.application; includeInIndex = 0; path = FoodTracker.app; sourceTree = BUILT_PRODUCTS_DIR; };
		A7AD4249220C0EE0001B49EE /* AppDelegate.swift */ = {isa = PBXFileReference; lastKnownFileType = sourcecode.swift; path = AppDelegate.swift; sourceTree = "<group>"; };
		A7AD424B220C0EE0001B49EE /* MealViewController.swift */ = {isa = PBXFileReference; lastKnownFileType = sourcecode.swift; path = MealViewController.swift; sourceTree = "<group>"; };
		A7AD424E220C0EE0001B49EE /* Base */ = {isa = PBXFileReference; lastKnownFileType = file.storyboard; name = Base; path = Base.lproj/Main.storyboard; sourceTree = "<group>"; };
		A7AD4250220C0EE9001B49EE /* Assets.xcassets */ = {isa = PBXFileReference; lastKnownFileType = folder.assetcatalog; path = Assets.xcassets; sourceTree = "<group>"; };
		A7AD4253220C0EE9001B49EE /* Base */ = {isa = PBXFileReference; lastKnownFileType = file.storyboard; name = Base; path = Base.lproj/LaunchScreen.storyboard; sourceTree = "<group>"; };
		A7AD4255220C0EE9001B49EE /* Info.plist */ = {isa = PBXFileReference; lastKnownFileType = text.plist.xml; path = Info.plist; sourceTree = "<group>"; };
		A7AD425A220C0EE9001B49EE /* FoodTrackerTests.xctest */ = {isa = PBXFileReference; explicitFileType = wrapper.cfbundle; includeInIndex = 0; path = FoodTrackerTests.xctest; sourceTree = BUILT_PRODUCTS_DIR; };
		A7AD425E220C0EE9001B49EE /* FoodTrackerTests.swift */ = {isa = PBXFileReference; lastKnownFileType = sourcecode.swift; path = FoodTrackerTests.swift; sourceTree = "<group>"; };
		A7AD4260220C0EE9001B49EE /* Info.plist */ = {isa = PBXFileReference; lastKnownFileType = text.plist.xml; path = Info.plist; sourceTree = "<group>"; };
		A7AD4265220C0EE9001B49EE /* FoodTrackerUITests.xctest */ = {isa = PBXFileReference; explicitFileType = wrapper.cfbundle; includeInIndex = 0; path = FoodTrackerUITests.xctest; sourceTree = BUILT_PRODUCTS_DIR; };
		A7AD4269220C0EE9001B49EE /* FoodTrackerUITests.swift */ = {isa = PBXFileReference; lastKnownFileType = sourcecode.swift; path = FoodTrackerUITests.swift; sourceTree = "<group>"; };
		A7AD426B220C0EE9001B49EE /* Info.plist */ = {isa = PBXFileReference; lastKnownFileType = text.plist.xml; path = Info.plist; sourceTree = "<group>"; };
		A7EBAC75220C67AE00D11C82 /* RatingControl.swift */ = {isa = PBXFileReference; lastKnownFileType = sourcecode.swift; path = RatingControl.swift; sourceTree = "<group>"; };
/* End PBXFileReference section */

/* Begin PBXFrameworksBuildPhase section */
		A7AD4243220C0EE0001B49EE /* Frameworks */ = {
			isa = PBXFrameworksBuildPhase;
			buildActionMask = 2147483647;
			files = (
			);
			runOnlyForDeploymentPostprocessing = 0;
		};
		A7AD4257220C0EE9001B49EE /* Frameworks */ = {
			isa = PBXFrameworksBuildPhase;
			buildActionMask = 2147483647;
			files = (
			);
			runOnlyForDeploymentPostprocessing = 0;
		};
		A7AD4262220C0EE9001B49EE /* Frameworks */ = {
			isa = PBXFrameworksBuildPhase;
			buildActionMask = 2147483647;
			files = (
			);
			runOnlyForDeploymentPostprocessing = 0;
		};
/* End PBXFrameworksBuildPhase section */

/* Begin PBXGroup section */
		A7AD423D220C0EE0001B49EE = {
			isa = PBXGroup;
			children = (
				A7AD4248220C0EE0001B49EE /* FoodTracker */,
				A7AD425D220C0EE9001B49EE /* FoodTrackerTests */,
				A7AD4268220C0EE9001B49EE /* FoodTrackerUITests */,
				A7AD4247220C0EE0001B49EE /* Products */,
			);
			sourceTree = "<group>";
		};
		A7AD4247220C0EE0001B49EE /* Products */ = {
			isa = PBXGroup;
			children = (
				A7AD4246220C0EE0001B49EE /* FoodTracker.app */,
				A7AD425A220C0EE9001B49EE /* FoodTrackerTests.xctest */,
				A7AD4265220C0EE9001B49EE /* FoodTrackerUITests.xctest */,
			);
			name = Products;
			sourceTree = "<group>";
		};
		A7AD4248220C0EE0001B49EE /* FoodTracker */ = {
			isa = PBXGroup;
			children = (
				A7AD4249220C0EE0001B49EE /* AppDelegate.swift */,
				A7AD424B220C0EE0001B49EE /* MealViewController.swift */,
				A7EBAC75220C67AE00D11C82 /* RatingControl.swift */,
				A76EF3A0220EC50F00008B7B /* Meal.swift */,
				A76EF3A2220ED1C100008B7B /* MealTableViewCell.swift */,
				A7AD424D220C0EE0001B49EE /* Main.storyboard */,
				A7AD4250220C0EE9001B49EE /* Assets.xcassets */,
				A7AD4252220C0EE9001B49EE /* LaunchScreen.storyboard */,
				A7AD4255220C0EE9001B49EE /* Info.plist */,
				A76EF3A4220EDB5F00008B7B /* MealTableViewController.swift */,
			);
			path = FoodTracker;
			sourceTree = "<group>";
		};
		A7AD425D220C0EE9001B49EE /* FoodTrackerTests */ = {
			isa = PBXGroup;
			children = (
				A7AD425E220C0EE9001B49EE /* FoodTrackerTests.swift */,
				A7AD4260220C0EE9001B49EE /* Info.plist */,
			);
			path = FoodTrackerTests;
			sourceTree = "<group>";
		};
		A7AD4268220C0EE9001B49EE /* FoodTrackerUITests */ = {
			isa = PBXGroup;
			children = (
				A7AD4269220C0EE9001B49EE /* FoodTrackerUITests.swift */,
				A7AD426B220C0EE9001B49EE /* Info.plist */,
			);
			path = FoodTrackerUITests;
			sourceTree = "<group>";
		};
/* End PBXGroup section */

/* Begin PBXNativeTarget section */
		A7AD4245220C0EE0001B49EE /* FoodTracker */ = {
			isa = PBXNativeTarget;
			buildConfigurationList = A7AD426E220C0EE9001B49EE /* Build configuration list for PBXNativeTarget "FoodTracker" */;
			buildPhases = (
				A7AD4242220C0EE0001B49EE /* Sources */,
				A7AD4243220C0EE0001B49EE /* Frameworks */,
				A7AD4244220C0EE0001B49EE /* Resources */,
			);
			buildRules = (
			);
			dependencies = (
			);
			name = FoodTracker;
			productName = FoodTracker;
			productReference = A7AD4246220C0EE0001B49EE /* FoodTracker.app */;
			productType = "com.apple.product-type.application";
		};
		A7AD4259220C0EE9001B49EE /* FoodTrackerTests */ = {
			isa = PBXNativeTarget;
			buildConfigurationList = A7AD4271220C0EE9001B49EE /* Build configuration list for PBXNativeTarget "FoodTrackerTests" */;
			buildPhases = (
				A7AD4256220C0EE9001B49EE /* Sources */,
				A7AD4257220C0EE9001B49EE /* Frameworks */,
				A7AD4258220C0EE9001B49EE /* Resources */,
			);
			buildRules = (
			);
			dependencies = (
				A7AD425C220C0EE9001B49EE /* PBXTargetDependency */,
			);
			name = FoodTrackerTests;
			productName = FoodTrackerTests;
			productReference = A7AD425A220C0EE9001B49EE /* FoodTrackerTests.xctest */;
			productType = "com.apple.product-type.bundle.unit-test";
		};
		A7AD4264220C0EE9001B49EE /* FoodTrackerUITests */ = {
			isa = PBXNativeTarget;
			buildConfigurationList = A7AD4274220C0EE9001B49EE /* Build configuration list for PBXNativeTarget "FoodTrackerUITests" */;
			buildPhases = (
				A7AD4261220C0EE9001B49EE /* Sources */,
				A7AD4262220C0EE9001B49EE /* Frameworks */,
				A7AD4263220C0EE9001B49EE /* Resources */,
			);
			buildRules = (
			);
			dependencies = (
				A7AD4267220C0EE9001B49EE /* PBXTargetDependency */,
			);
			name = FoodTrackerUITests;
			productName = FoodTrackerUITests;
			productReference = A7AD4265220C0EE9001B49EE /* FoodTrackerUITests.xctest */;
			productType = "com.apple.product-type.bundle.ui-testing";
		};
/* End PBXNativeTarget section */

/* Begin PBXProject section */
		A7AD423E220C0EE0001B49EE /* Project object */ = {
			isa = PBXProject;
			attributes = {
				LastSwiftUpdateCheck = 1010;
				LastUpgradeCheck = 1010;
				ORGANIZATIONNAME = IBookHoliday;
				TargetAttributes = {
					A7AD4245220C0EE0001B49EE = {
						CreatedOnToolsVersion = 10.1;
					};
					A7AD4259220C0EE9001B49EE = {
						CreatedOnToolsVersion = 10.1;
						TestTargetID = A7AD4245220C0EE0001B49EE;
					};
					A7AD4264220C0EE9001B49EE = {
						CreatedOnToolsVersion = 10.1;
						TestTargetID = A7AD4245220C0EE0001B49EE;
					};
				};
			};
			buildConfigurationList = A7AD4241220C0EE0001B49EE /* Build configuration list for PBXProject "FoodTracker" */;
			compatibilityVersion = "Xcode 9.3";
			developmentRegion = en;
			hasScannedForEncodings = 0;
			knownRegions = (
				en,
				Base,
			);
			mainGroup = A7AD423D220C0EE0001B49EE;
			productRefGroup = A7AD4247220C0EE0001B49EE /* Products */;
			projectDirPath = "";
			projectRoot = "";
			targets = (
				A7AD4245220C0EE0001B49EE /* FoodTracker */,
				A7AD4259220C0EE9001B49EE /* FoodTrackerTests */,
				A7AD4264220C0EE9001B49EE /* FoodTrackerUITests */,
			);
		};
/* End PBXProject section */

/* Begin PBXResourcesBuildPhase section */
		A7AD4244220C0EE0001B49EE /* Resources */ = {
			isa = PBXResourcesBuildPhase;
			buildActionMask = 2147483647;
			files = (
				A7AD4254220C0EE9001B49EE /* LaunchScreen.storyboard in Resources */,
				A7AD4251220C0EE9001B49EE /* Assets.xcassets in Resources */,
				A7AD424F220C0EE0001B49EE /* Main.storyboard in Resources */,
			);
			runOnlyForDeploymentPostprocessing = 0;
		};
		A7AD4258220C0EE9001B49EE /* Resources */ = {
			isa = PBXResourcesBuildPhase;
			buildActionMask = 2147483647;
			files = (
			);
			runOnlyForDeploymentPostprocessing = 0;
		};
		A7AD4263220C0EE9001B49EE /* Resources */ = {
			isa = PBXResourcesBuildPhase;
			buildActionMask = 2147483647;
			files = (
			);
			runOnlyForDeploymentPostprocessing = 0;
		};
/* End PBXResourcesBuildPhase section */

/* Begin PBXSourcesBuildPhase section */
		A7AD4242220C0EE0001B49EE /* Sources */ = {
			isa = PBXSourcesBuildPhase;
			buildActionMask = 2147483647;
			files = (
				A76EF3A1220EC50F00008B7B /* Meal.swift in Sources */,
				A7AD424C220C0EE0001B49EE /* MealViewController.swift in Sources */,
				A7EBAC76220C67AE00D11C82 /* RatingControl.swift in Sources */,
				A7AD424A220C0EE0001B49EE /* AppDelegate.swift in Sources */,
				A76EF3A5220EDB5F00008B7B /* MealTableViewController.swift in Sources */,
				A76EF3A3220ED1C100008B7B /* MealTableViewCell.swift in Sources */,
			);
			runOnlyForDeploymentPostprocessing = 0;
		};
		A7AD4256220C0EE9001B49EE /* Sources */ = {
			isa = PBXSourcesBuildPhase;
			buildActionMask = 2147483647;
			files = (
				A7AD425F220C0EE9001B49EE /* FoodTrackerTests.swift in Sources */,
			);
			runOnlyForDeploymentPostprocessing = 0;
		};
		A7AD4261220C0EE9001B49EE /* Sources */ = {
			isa = PBXSourcesBuildPhase;
			buildActionMask = 2147483647;
			files = (
				A7AD426A220C0EE9001B49EE /* FoodTrackerUITests.swift in Sources */,
			);
			runOnlyForDeploymentPostprocessing = 0;
		};
/* End PBXSourcesBuildPhase section */

/* Begin PBXTargetDependency section */
		A7AD425C220C0EE9001B49EE /* PBXTargetDependency */ = {
			isa = PBXTargetDependency;
			target = A7AD4245220C0EE0001B49EE /* FoodTracker */;
			targetProxy = A7AD425B220C0EE9001B49EE /* PBXContainerItemProxy */;
		};
		A7AD4267220C0EE9001B49EE /* PBXTargetDependency */ = {
			isa = PBXTargetDependency;
			target = A7AD4245220C0EE0001B49EE /* FoodTracker */;
			targetProxy = A7AD4266220C0EE9001B49EE /* PBXContainerItemProxy */;
		};
/* End PBXTargetDependency section */

/* Begin PBXVariantGroup section */
		A7AD424D220C0EE0001B49EE /* Main.storyboard */ = {
			isa = PBXVariantGroup;
			children = (
				A7AD424E220C0EE0001B49EE /* Base */,
			);
			name = Main.storyboard;
			sourceTree = "<group>";
		};
		A7AD4252220C0EE9001B49EE /* LaunchScreen.storyboard */ = {
			isa = PBXVariantGroup;
			children = (
				A7AD4253220C0EE9001B49EE /* Base */,
			);
			name = LaunchScreen.storyboard;
			sourceTree = "<group>";
		};
/* End PBXVariantGroup section */

/* Begin XCBuildConfiguration section */
		A7AD426C220C0EE9001B49EE /* Debug */ = {
			isa = XCBuildConfiguration;
			buildSettings = {
				ALWAYS_SEARCH_USER_PATHS = NO;
				CLANG_ANALYZER_NONNULL = YES;
				CLANG_ANALYZER_NUMBER_OBJECT_CONVERSION = YES_AGGRESSIVE;
				CLANG_CXX_LANGUAGE_STANDARD = "gnu++14";
				CLANG_CXX_LIBRARY = "libc++";
				CLANG_ENABLE_MODULES = YES;
				CLANG_ENABLE_OBJC_ARC = YES;
				CLANG_ENABLE_OBJC_WEAK = YES;
				CLANG_WARN_BLOCK_CAPTURE_AUTORELEASING = YES;
				CLANG_WARN_BOOL_CONVERSION = YES;
				CLANG_WARN_COMMA = YES;
				CLANG_WARN_CONSTANT_CONVERSION = YES;
				CLANG_WARN_DEPRECATED_OBJC_IMPLEMENTATIONS = YES;
				CLANG_WARN_DIRECT_OBJC_ISA_USAGE = YES_ERROR;
				CLANG_WARN_DOCUMENTATION_COMMENTS = YES;
				CLANG_WARN_EMPTY_BODY = YES;
				CLANG_WARN_ENUM_CONVERSION = YES;
				CLANG_WARN_INFINITE_RECURSION = YES;
				CLANG_WARN_INT_CONVERSION = YES;
				CLANG_WARN_NON_LITERAL_NULL_CONVERSION = YES;
				CLANG_WARN_OBJC_IMPLICIT_RETAIN_SELF = YES;
				CLANG_WARN_OBJC_LITERAL_CONVERSION = YES;
				CLANG_WARN_OBJC_ROOT_CLASS = YES_ERROR;
				CLANG_WARN_RANGE_LOOP_ANALYSIS = YES;
				CLANG_WARN_STRICT_PROTOTYPES = YES;
				CLANG_WARN_SUSPICIOUS_MOVE = YES;
				CLANG_WARN_UNGUARDED_AVAILABILITY = YES_AGGRESSIVE;
				CLANG_WARN_UNREACHABLE_CODE = YES;
				CLANG_WARN__DUPLICATE_METHOD_MATCH = YES;
				CODE_SIGN_IDENTITY = "iPhone Developer";
				COPY_PHASE_STRIP = NO;
				DEBUG_INFORMATION_FORMAT = dwarf;
				ENABLE_STRICT_OBJC_MSGSEND = YES;
				ENABLE_TESTABILITY = YES;
				GCC_C_LANGUAGE_STANDARD = gnu11;
				GCC_DYNAMIC_NO_PIC = NO;
				GCC_NO_COMMON_BLOCKS = YES;
				GCC_OPTIMIZATION_LEVEL = 0;
				GCC_PREPROCESSOR_DEFINITIONS = (
					"DEBUG=1",
					"$(inherited)",
				);
				GCC_WARN_64_TO_32_BIT_CONVERSION = YES;
				GCC_WARN_ABOUT_RETURN_TYPE = YES_ERROR;
				GCC_WARN_UNDECLARED_SELECTOR = YES;
				GCC_WARN_UNINITIALIZED_AUTOS = YES_AGGRESSIVE;
				GCC_WARN_UNUSED_FUNCTION = YES;
				GCC_WARN_UNUSED_VARIABLE = YES;
				IPHONEOS_DEPLOYMENT_TARGET = 12.1;
				MTL_ENABLE_DEBUG_INFO = INCLUDE_SOURCE;
				MTL_FAST_MATH = YES;
				ONLY_ACTIVE_ARCH = YES;
				SDKROOT = iphoneos;
				SWIFT_ACTIVE_COMPILATION_CONDITIONS = DEBUG;
				SWIFT_OPTIMIZATION_LEVEL = "-Onone";
			};
			name = Debug;
		};
		A7AD426D220C0EE9001B49EE /* Release */ = {
			isa = XCBuildConfiguration;
			buildSettings = {
				ALWAYS_SEARCH_USER_PATHS = NO;
				CLANG_ANALYZER_NONNULL = YES;
				CLANG_ANALYZER_NUMBER_OBJECT_CONVERSION = YES_AGGRESSIVE;
				CLANG_CXX_LANGUAGE_STANDARD = "gnu++14";
				CLANG_CXX_LIBRARY = "libc++";
				CLANG_ENABLE_MODULES = YES;
				CLANG_ENABLE_OBJC_ARC = YES;
				CLANG_ENABLE_OBJC_WEAK = YES;
				CLANG_WARN_BLOCK_CAPTURE_AUTORELEASING = YES;
				CLANG_WARN_BOOL_CONVERSION = YES;
				CLANG_WARN_COMMA = YES;
				CLANG_WARN_CONSTANT_CONVERSION = YES;
				CLANG_WARN_DEPRECATED_OBJC_IMPLEMENTATIONS = YES;
				CLANG_WARN_DIRECT_OBJC_ISA_USAGE = YES_ERROR;
				CLANG_WARN_DOCUMENTATION_COMMENTS = YES;
				CLANG_WARN_EMPTY_BODY = YES;
				CLANG_WARN_ENUM_CONVERSION = YES;
				CLANG_WARN_INFINITE_RECURSION = YES;
				CLANG_WARN_INT_CONVERSION = YES;
				CLANG_WARN_NON_LITERAL_NULL_CONVERSION = YES;
				CLANG_WARN_OBJC_IMPLICIT_RETAIN_SELF = YES;
				CLANG_WARN_OBJC_LITERAL_CONVERSION = YES;
				CLANG_WARN_OBJC_ROOT_CLASS = YES_ERROR;
				CLANG_WARN_RANGE_LOOP_ANALYSIS = YES;
				CLANG_WARN_STRICT_PROTOTYPES = YES;
				CLANG_WARN_SUSPICIOUS_MOVE = YES;
				CLANG_WARN_UNGUARDED_AVAILABILITY = YES_AGGRESSIVE;
				CLANG_WARN_UNREACHABLE_CODE = YES;
				CLANG_WARN__DUPLICATE_METHOD_MATCH = YES;
				CODE_SIGN_IDENTITY = "iPhone Developer";
				COPY_PHASE_STRIP = NO;
				DEBUG_INFORMATION_FORMAT = "dwarf-with-dsym";
				ENABLE_NS_ASSERTIONS = NO;
				ENABLE_STRICT_OBJC_MSGSEND = YES;
				GCC_C_LANGUAGE_STANDARD = gnu11;
				GCC_NO_COMMON_BLOCKS = YES;
				GCC_WARN_64_TO_32_BIT_CONVERSION = YES;
				GCC_WARN_ABOUT_RETURN_TYPE = YES_ERROR;
				GCC_WARN_UNDECLARED_SELECTOR = YES;
				GCC_WARN_UNINITIALIZED_AUTOS = YES_AGGRESSIVE;
				GCC_WARN_UNUSED_FUNCTION = YES;
				GCC_WARN_UNUSED_VARIABLE = YES;
				IPHONEOS_DEPLOYMENT_TARGET = 12.1;
				MTL_ENABLE_DEBUG_INFO = NO;
				MTL_FAST_MATH = YES;
				SDKROOT = iphoneos;
				SWIFT_COMPILATION_MODE = wholemodule;
				SWIFT_OPTIMIZATION_LEVEL = "-O";
				VALIDATE_PRODUCT = YES;
			};
			name = Release;
		};
		A7AD426F220C0EE9001B49EE /* Debug */ = {
			isa = XCBuildConfiguration;
			buildSettings = {
				ASSETCATALOG_COMPILER_APPICON_NAME = AppIcon;
				CODE_SIGN_STYLE = Automatic;
				DEVELOPMENT_TEAM = 3ZK349R4R6;
				INFOPLIST_FILE = FoodTracker/Info.plist;
				LD_RUNPATH_SEARCH_PATHS = (
					"$(inherited)",
					"@executable_path/Frameworks",
				);
				PRODUCT_BUNDLE_IDENTIFIER = ibookholiday.app.FoodTracker;
				PRODUCT_NAME = "$(TARGET_NAME)";
				SWIFT_VERSION = 4.2;
				TARGETED_DEVICE_FAMILY = "1,2";
			};
			name = Debug;
		};
		A7AD4270220C0EE9001B49EE /* Release */ = {
			isa = XCBuildConfiguration;
			buildSettings = {
				ASSETCATALOG_COMPILER_APPICON_NAME = AppIcon;
				CODE_SIGN_STYLE = Automatic;
				DEVELOPMENT_TEAM = 3ZK349R4R6;
				INFOPLIST_FILE = FoodTracker/Info.plist;
				LD_RUNPATH_SEARCH_PATHS = (
					"$(inherited)",
					"@executable_path/Frameworks",
				);
				PRODUCT_BUNDLE_IDENTIFIER = ibookholiday.app.FoodTracker;
				PRODUCT_NAME = "$(TARGET_NAME)";
				SWIFT_VERSION = 4.2;
				TARGETED_DEVICE_FAMILY = "1,2";
			};
			name = Release;
		};
		A7AD4272220C0EE9001B49EE /* Debug */ = {
			isa = XCBuildConfiguration;
			buildSettings = {
				ALWAYS_EMBED_SWIFT_STANDARD_LIBRARIES = YES;
				BUNDLE_LOADER = "$(TEST_HOST)";
				CODE_SIGN_STYLE = Automatic;
				INFOPLIST_FILE = FoodTrackerTests/Info.plist;
				LD_RUNPATH_SEARCH_PATHS = (
					"$(inherited)",
					"@executable_path/Frameworks",
					"@loader_path/Frameworks",
				);
				PRODUCT_BUNDLE_IDENTIFIER = ibookholiday.app.FoodTrackerTests;
				PRODUCT_NAME = "$(TARGET_NAME)";
				SWIFT_VERSION = 4.2;
				TARGETED_DEVICE_FAMILY = "1,2";
				TEST_HOST = "$(BUILT_PRODUCTS_DIR)/FoodTracker.app/FoodTracker";
			};
			name = Debug;
		};
		A7AD4273220C0EE9001B49EE /* Release */ = {
			isa = XCBuildConfiguration;
			buildSettings = {
				ALWAYS_EMBED_SWIFT_STANDARD_LIBRARIES = YES;
				BUNDLE_LOADER = "$(TEST_HOST)";
				CODE_SIGN_STYLE = Automatic;
				INFOPLIST_FILE = FoodTrackerTests/Info.plist;
				LD_RUNPATH_SEARCH_PATHS = (
					"$(inherited)",
					"@executable_path/Frameworks",
					"@loader_path/Frameworks",
				);
				PRODUCT_BUNDLE_IDENTIFIER = ibookholiday.app.FoodTrackerTests;
				PRODUCT_NAME = "$(TARGET_NAME)";
				SWIFT_VERSION = 4.2;
				TARGETED_DEVICE_FAMILY = "1,2";
				TEST_HOST = "$(BUILT_PRODUCTS_DIR)/FoodTracker.app/FoodTracker";
			};
			name = Release;
		};
		A7AD4275220C0EE9001B49EE /* Debug */ = {
			isa = XCBuildConfiguration;
			buildSettings = {
				ALWAYS_EMBED_SWIFT_STANDARD_LIBRARIES = YES;
				CODE_SIGN_STYLE = Automatic;
				INFOPLIST_FILE = FoodTrackerUITests/Info.plist;
				LD_RUNPATH_SEARCH_PATHS = (
					"$(inherited)",
					"@executable_path/Frameworks",
					"@loader_path/Frameworks",
				);
				PRODUCT_BUNDLE_IDENTIFIER = ibookholiday.app.FoodTrackerUITests;
				PRODUCT_NAME = "$(TARGET_NAME)";
				SWIFT_VERSION = 4.2;
				TARGETED_DEVICE_FAMILY = "1,2";
				TEST_TARGET_NAME = FoodTracker;
			};
			name = Debug;
		};
		A7AD4276220C0EE9001B49EE /* Release */ = {
			isa = XCBuildConfiguration;
			buildSettings = {
				ALWAYS_EMBED_SWIFT_STANDARD_LIBRARIES = YES;
				CODE_SIGN_STYLE = Automatic;
				INFOPLIST_FILE = FoodTrackerUITests/Info.plist;
				LD_RUNPATH_SEARCH_PATHS = (
					"$(inherited)",
					"@executable_path/Frameworks",
					"@loader_path/Frameworks",
				);
				PRODUCT_BUNDLE_IDENTIFIER = ibookholiday.app.FoodTrackerUITests;
				PRODUCT_NAME = "$(TARGET_NAME)";
				SWIFT_VERSION = 4.2;
				TARGETED_DEVICE_FAMILY = "1,2";
				TEST_TARGET_NAME = FoodTracker;
			};
			name = Release;
		};
/* End XCBuildConfiguration section */

/* Begin XCConfigurationList section */
		A7AD4241220C0EE0001B49EE /* Build configuration list for PBXProject "FoodTracker" */ = {
			isa = XCConfigurationList;
			buildConfigurations = (
				A7AD426C220C0EE9001B49EE /* Debug */,
				A7AD426D220C0EE9001B49EE /* Release */,
			);
			defaultConfigurationIsVisible = 0;
			defaultConfigurationName = Release;
		};
		A7AD426E220C0EE9001B49EE /* Build configuration list for PBXNativeTarget "FoodTracker" */ = {
			isa = XCConfigurationList;
			buildConfigurations = (
				A7AD426F220C0EE9001B49EE /* Debug */,
				A7AD4270220C0EE9001B49EE /* Release */,
			);
			defaultConfigurationIsVisible = 0;
			defaultConfigurationName = Release;
		};
		A7AD4271220C0EE9001B49EE /* Build configuration list for PBXNativeTarget "FoodTrackerTests" */ = {
			isa = XCConfigurationList;
			buildConfigurations = (
				A7AD4272220C0EE9001B49EE /* Debug */,
				A7AD4273220C0EE9001B49EE /* Release */,
			);
			defaultConfigurationIsVisible = 0;
			defaultConfigurationName = Release;
		};
		A7AD4274220C0EE9001B49EE /* Build configuration list for PBXNativeTarget "FoodTrackerUITests" */ = {
			isa = XCConfigurationList;
			buildConfigurations = (
				A7AD4275220C0EE9001B49EE /* Debug */,
				A7AD4276220C0EE9001B49EE /* Release */,
			);
			defaultConfigurationIsVisible = 0;
			defaultConfigurationName = Release;
		};
/* End XCConfigurationList section */
	};
	rootObject = A7AD423E220C0EE0001B49EE /* Project object */;
}
